// !$*UTF8*$!
{
	archiveVersion = 1;
	classes = {
	};
	objectVersion = 54;
	objects = {

/* Begin PBXBuildFile section */
		1498D2341E8E89220040F4C2 /* GeneratedPluginRegistrant.m in Sources */ = {isa = PBXBuildFile; fileRef = 1498D2331E8E89220040F4C2 /* GeneratedPluginRegistrant.m */; };
		331C80F4294D02FB00263BE5 /* RunnerTests.m in Sources */ = {isa = PBXBuildFile; fileRef = 331C80F3294D02FB00263BE5 /* RunnerTests.m */; };
		3B3967161E833CAA004F5970 /* AppFrameworkInfo.plist in Resources */ = {isa = PBXBuildFile; fileRef = 3B3967151E833CAA004F5970 /* AppFrameworkInfo.plist */; };
		7C4F573AEB875D0A7135FC95 /* libPods-Runner.a in Frameworks */ = {isa = PBXBuildFile; fileRef = 184F866C18B8DD506B074495 /* libPods-Runner.a */; };
		978B8F6F1D3862AE00F588F7 /* AppDelegate.mm in Sources */ = {isa = PBXBuildFile; fileRef = 7AFFD8EE1D35381100E5BB4D /* AppDelegate.mm */; };
		97C146F31CF9000F007C117D /* main.mm in Sources */ = {isa = PBXBuildFile; fileRef = 97C146F21CF9000F007C117D /* main.mm */; };
		97C146FC1CF9000F007C117D /* Main.storyboard in Resources */ = {isa = PBXBuildFile; fileRef = 97C146FA1CF9000F007C117D /* Main.storyboard */; };
		97C146FE1CF9000F007C117D /* Assets.xcassets in Resources */ = {isa = PBXBuildFile; fileRef = 97C146FD1CF9000F007C117D /* Assets.xcassets */; };
		97C147011CF9000F007C117D /* LaunchScreen.storyboard in Resources */ = {isa = PBXBuildFile; fileRef = 97C146FF1CF9000F007C117D /* LaunchScreen.storyboard */; };
		A05A389A8E4F04090C080DF2 /* libPods-RunnerTests.a in Frameworks */ = {isa = PBXBuildFile; fileRef = B4123F0F3ADEF578B4D939EB /* libPods-RunnerTests.a */; };
		CE131EDB2E797452009416EF /* CoreText.framework in Frameworks */ = {isa = PBXBuildFile; fileRef = CE131EDA2E797451009416EF /* CoreText.framework */; };
		CE131EDD2E797456009416EF /* CoreMotion.framework in Frameworks */ = {isa = PBXBuildFile; fileRef = CE131EDC2E797456009416EF /* CoreMotion.framework */; };
		CE131EDF2E79745A009416EF /* CoreVideo.framework in Frameworks */ = {isa = PBXBuildFile; fileRef = CE131EDE2E79745A009416EF /* CoreVideo.framework */; };
		CE131EE12E79745E009416EF /* OpenAL.framework in Frameworks */ = {isa = PBXBuildFile; fileRef = CE131EE02E79745E009416EF /* OpenAL.framework */; };
		CE131EE32E797463009416EF /* Security.framework in Frameworks */ = {isa = PBXBuildFile; fileRef = CE131EE22E797463009416EF /* Security.framework */; };
		CE131EE52E797468009416EF /* Foundation.framework in Frameworks */ = {isa = PBXBuildFile; fileRef = CE131EE42E797468009416EF /* Foundation.framework */; };
		CE131EE72E79746D009416EF /* UIKit.framework in Frameworks */ = {isa = PBXBuildFile; fileRef = CE131EE62E79746D009416EF /* UIKit.framework */; };
		CE131EEA2E797480009416EF /* CoreGraphics.framework in Frameworks */ = {isa = PBXBuildFile; fileRef = CE131EE82E797480009416EF /* CoreGraphics.framework */; };
		CE131EEB2E797480009416EF /* CoreMedia.framework in Frameworks */ = {isa = PBXBuildFile; fileRef = CE131EE92E797480009416EF /* CoreMedia.framework */; };
		CE131EED2E797487009416EF /* QuartzCore.framework in Frameworks */ = {isa = PBXBuildFile; fileRef = CE131EEC2E797487009416EF /* QuartzCore.framework */; };
		CE131EEF2E79748B009416EF /* MetalPerformanceShaders.framework in Frameworks */ = {isa = PBXBuildFile; fileRef = CE131EEE2E79748B009416EF /* MetalPerformanceShaders.framework */; };
		CE131EF12E797490009416EF /* MetalKit.framework in Frameworks */ = {isa = PBXBuildFile; fileRef = CE131EF02E797490009416EF /* MetalKit.framework */; };
		CE131EF32E797494009416EF /* Metal.framework in Frameworks */ = {isa = PBXBuildFile; fileRef = CE131EF22E797494009416EF /* Metal.framework */; };
		CE131EF52E797499009416EF /* WebKit.framework in Frameworks */ = {isa = PBXBuildFile; fileRef = CE131EF42E797499009416EF /* WebKit.framework */; };
		CE131EF72E79749E009416EF /* CFNetwork.framework in Frameworks */ = {isa = PBXBuildFile; fileRef = CE131EF62E79749E009416EF /* CFNetwork.framework */; };
		CE131EF92E7974A2009416EF /* SystemConfiguration.framework in Frameworks */ = {isa = PBXBuildFile; fileRef = CE131EF82E7974A2009416EF /* SystemConfiguration.framework */; };
		CE131EFB2E7974A6009416EF /* AudioToolbox.framework in Frameworks */ = {isa = PBXBuildFile; fileRef = CE131EFA2E7974A6009416EF /* AudioToolbox.framework */; };
		CE131EFD2E7974AA009416EF /* AVKit.framework in Frameworks */ = {isa = PBXBuildFile; fileRef = CE131EFC2E7974AA009416EF /* AVKit.framework */; };
		CE131EFF2E7974AF009416EF /* AVFoundation.framework in Frameworks */ = {isa = PBXBuildFile; fileRef = CE131EFE2E7974AF009416EF /* AVFoundation.framework */; };
		CE131F032E79755F009416EF /* CoreAudio.framework in Frameworks */ = {isa = PBXBuildFile; fileRef = CE131F022E79755E009416EF /* CoreAudio.framework */; };
		CE131F052E79757B009416EF /* CoreAudioKit.framework in Frameworks */ = {isa = PBXBuildFile; fileRef = CE131F042E79757B009416EF /* CoreAudioKit.framework */; };
		CE131F0B2E7975CD009416EF /* ViewController.mm in Sources */ = {isa = PBXBuildFile; fileRef = CE131F0A2E7975CD009416EF /* ViewController.mm */; };
		CE131F0C2E7975CD009416EF /* SDKWrapper.mm in Sources */ = {isa = PBXBuildFile; fileRef = CE131F082E7975CD009416EF /* SDKWrapper.mm */; };
/* End PBXBuildFile section */

/* Begin PBXContainerItemProxy section */
		331C80F5294D02FB00263BE5 /* PBXContainerItemProxy */ = {
			isa = PBXContainerItemProxy;
			containerPortal = 97C146E61CF9000F007C117D /* Project object */;
			proxyType = 1;
			remoteGlobalIDString = 97C146ED1CF9000F007C117D;
			remoteInfo = Runner;
		};
		CE373B2E2F56DB95009188F6 /* PBXContainerItemProxy */ = {
			isa = PBXContainerItemProxy;
			containerPortal = CE8A29642F56DB8A00CC2208 /* flutter.xcodeproj */;
			proxyType = 2;
			remoteGlobalIDString = 661A597C00644895910017D0;
			remoteInfo = boost_container;
		};
		CE373B302F56DB95009188F6 /* PBXContainerItemProxy */ = {
			isa = PBXContainerItemProxy;
			containerPortal = CE8A29642F56DB8A00CC2208 /* flutter.xcodeproj */;
			proxyType = 2;
			remoteGlobalIDString = B604E47A30104D9F95D6DF76;
			remoteInfo = cocos_engine;
		};
		CE373B322F56DB95009188F6 /* PBXContainerItemProxy */ = {
			isa = PBXContainerItemProxy;
			containerPortal = CE8A29642F56DB8A00CC2208 /* flutter.xcodeproj */;
			proxyType = 2;
			remoteGlobalIDString = F937C2C0C3B845A2B4D217C3;
			remoteInfo = "flutter-mobile";
		};
/* End PBXContainerItemProxy section */

/* Begin PBXCopyFilesBuildPhase section */
		9705A1C41CF9048500538489 /* Embed Frameworks */ = {
			isa = PBXCopyFilesBuildPhase;
			buildActionMask = 2147483647;
			dstPath = "";
			dstSubfolderSpec = 10;
			files = (
			);
			name = "Embed Frameworks";
			runOnlyForDeploymentPostprocessing = 0;
		};
/* End PBXCopyFilesBuildPhase section */

/* Begin PBXFileReference section */
		1498D2321E8E86230040F4C2 /* GeneratedPluginRegistrant.h */ = {isa = PBXFileReference; lastKnownFileType = sourcecode.c.h; path = GeneratedPluginRegistrant.h; sourceTree = "<group>"; };
		1498D2331E8E89220040F4C2 /* GeneratedPluginRegistrant.m */ = {isa = PBXFileReference; fileEncoding = 4; lastKnownFileType = sourcecode.c.objc; path = GeneratedPluginRegistrant.m; sourceTree = "<group>"; };
		184F866C18B8DD506B074495 /* libPods-Runner.a */ = {isa = PBXFileReference; explicitFileType = archive.ar; includeInIndex = 0; path = "libPods-Runner.a"; sourceTree = BUILT_PRODUCTS_DIR; };
		2754D8982129B9574A28263D /* Pods-RunnerTests.profile.xcconfig */ = {isa = PBXFileReference; includeInIndex = 1; lastKnownFileType = text.xcconfig; name = "Pods-RunnerTests.profile.xcconfig"; path = "Target Support Files/Pods-RunnerTests/Pods-RunnerTests.profile.xcconfig"; sourceTree = "<group>"; };
		284E6CA7AC0C25FE3453B924 /* Pods-Runner.release.xcconfig */ = {isa = PBXFileReference; includeInIndex = 1; lastKnownFileType = text.xcconfig; name = "Pods-Runner.release.xcconfig"; path = "Target Support Files/Pods-Runner/Pods-Runner.release.xcconfig"; sourceTree = "<group>"; };
		2917895D78B8E9C0A78721F4 /* Pods-RunnerTests.release.xcconfig */ = {isa = PBXFileReference; includeInIndex = 1; lastKnownFileType = text.xcconfig; name = "Pods-RunnerTests.release.xcconfig"; path = "Target Support Files/Pods-RunnerTests/Pods-RunnerTests.release.xcconfig"; sourceTree = "<group>"; };
		3281FEBFC561493D739A85AC /* Pods-RunnerTests.debug.xcconfig */ = {isa = PBXFileReference; includeInIndex = 1; lastKnownFileType = text.xcconfig; name = "Pods-RunnerTests.debug.xcconfig"; path = "Target Support Files/Pods-RunnerTests/Pods-RunnerTests.debug.xcconfig"; sourceTree = "<group>"; };
		331C80F1294D02FB00263BE5 /* RunnerTests.xctest */ = {isa = PBXFileReference; explicitFileType = wrapper.cfbundle; includeInIndex = 0; path = RunnerTests.xctest; sourceTree = BUILT_PRODUCTS_DIR; };
		331C80F3294D02FB00263BE5 /* RunnerTests.m */ = {isa = PBXFileReference; lastKnownFileType = sourcecode.c.objc; path = RunnerTests.m; sourceTree = "<group>"; };
		3470127C99906493F3A653C5 /* Pods-Runner.profile.xcconfig */ = {isa = PBXFileReference; includeInIndex = 1; lastKnownFileType = text.xcconfig; name = "Pods-Runner.profile.xcconfig"; path = "Target Support Files/Pods-Runner/Pods-Runner.profile.xcconfig"; sourceTree = "<group>"; };
		3B3967151E833CAA004F5970 /* AppFrameworkInfo.plist */ = {isa = PBXFileReference; fileEncoding = 4; lastKnownFileType = text.plist.xml; name = AppFrameworkInfo.plist; path = Flutter/AppFrameworkInfo.plist; sourceTree = "<group>"; };
		7AFA3C8E1D35360C0083082E /* Release.xcconfig */ = {isa = PBXFileReference; lastKnownFileType = text.xcconfig; name = Release.xcconfig; path = Flutter/Release.xcconfig; sourceTree = "<group>"; };
		7AFFD8ED1D35381100E5BB4D /* AppDelegate.h */ = {isa = PBXFileReference; fileEncoding = 4; lastKnownFileType = sourcecode.c.h; path = AppDelegate.h; sourceTree = "<group>"; };
		7AFFD8EE1D35381100E5BB4D /* AppDelegate.mm */ = {isa = PBXFileReference; fileEncoding = 4; lastKnownFileType = sourcecode.cpp.objcpp; path = AppDelegate.mm; sourceTree = "<group>"; };
		9740EEB21CF90195004384FC /* Debug.xcconfig */ = {isa = PBXFileReference; fileEncoding = 4; lastKnownFileType = text.xcconfig; name = Debug.xcconfig; path = Flutter/Debug.xcconfig; sourceTree = "<group>"; };
		9740EEB31CF90195004384FC /* Generated.xcconfig */ = {isa = PBXFileReference; fileEncoding = 4; lastKnownFileType = text.xcconfig; name = Generated.xcconfig; path = Flutter/Generated.xcconfig; sourceTree = "<group>"; };
		97C146EE1CF9000F007C117D /* Runner.app */ = {isa = PBXFileReference; explicitFileType = wrapper.application; includeInIndex = 0; path = Runner.app; sourceTree = BUILT_PRODUCTS_DIR; };
		97C146F21CF9000F007C117D /* main.mm */ = {isa = PBXFileReference; lastKnownFileType = sourcecode.cpp.objcpp; path = main.mm; sourceTree = "<group>"; };
		97C146FB1CF9000F007C117D /* Base */ = {isa = PBXFileReference; lastKnownFileType = file.storyboard; name = Base; path = Base.lproj/Main.storyboard; sourceTree = "<group>"; };
		97C146FD1CF9000F007C117D /* Assets.xcassets */ = {isa = PBXFileReference; lastKnownFileType = folder.assetcatalog; path = Assets.xcassets; sourceTree = "<group>"; };
		97C147001CF9000F007C117D /* Base */ = {isa = PBXFileReference; lastKnownFileType = file.storyboard; name = Base; path = Base.lproj/LaunchScreen.storyboard; sourceTree = "<group>"; };
		97C147021CF9000F007C117D /* Info.plist */ = {isa = PBXFileReference; lastKnownFileType = text.plist.xml; path = Info.plist; sourceTree = "<group>"; };
		B4123F0F3ADEF578B4D939EB /* libPods-RunnerTests.a */ = {isa = PBXFileReference; explicitFileType = archive.ar; includeInIndex = 0; path = "libPods-RunnerTests.a"; sourceTree = BUILT_PRODUCTS_DIR; };
		CE131EDA2E797451009416EF /* CoreText.framework */ = {isa = PBXFileReference; lastKnownFileType = wrapper.framework; name = CoreText.framework; path = System/Library/Frameworks/CoreText.framework; sourceTree = SDKROOT; };
		CE131EDC2E797456009416EF /* CoreMotion.framework */ = {isa = PBXFileReference; lastKnownFileType = wrapper.framework; name = CoreMotion.framework; path = System/Library/Frameworks/CoreMotion.framework; sourceTree = SDKROOT; };
		CE131EDE2E79745A009416EF /* CoreVideo.framework */ = {isa = PBXFileReference; lastKnownFileType = wrapper.framework; name = CoreVideo.framework; path = System/Library/Frameworks/CoreVideo.framework; sourceTree = SDKROOT; };
		CE131EE02E79745E009416EF /* OpenAL.framework */ = {isa = PBXFileReference; lastKnownFileType = wrapper.framework; name = OpenAL.framework; path = System/Library/Frameworks/OpenAL.framework; sourceTree = SDKROOT; };
		CE131EE22E797463009416EF /* Security.framework */ = {isa = PBXFileReference; lastKnownFileType = wrapper.framework; name = Security.framework; path = System/Library/Frameworks/Security.framework; sourceTree = SDKROOT; };
		CE131EE42E797468009416EF /* Foundation.framework */ = {isa = PBXFileReference; lastKnownFileType = wrapper.framework; name = Foundation.framework; path = System/Library/Frameworks/Foundation.framework; sourceTree = SDKROOT; };
		CE131EE62E79746D009416EF /* UIKit.framework */ = {isa = PBXFileReference; lastKnownFileType = wrapper.framework; name = UIKit.framework; path = System/Library/Frameworks/UIKit.framework; sourceTree = SDKROOT; };
		CE131EE82E797480009416EF /* CoreGraphics.framework */ = {isa = PBXFileReference; lastKnownFileType = wrapper.framework; name = CoreGraphics.framework; path = System/Library/Frameworks/CoreGraphics.framework; sourceTree = SDKROOT; };
		CE131EE92E797480009416EF /* CoreMedia.framework */ = {isa = PBXFileReference; lastKnownFileType = wrapper.framework; name = CoreMedia.framework; path = System/Library/Frameworks/CoreMedia.framework; sourceTree = SDKROOT; };
		CE131EEC2E797487009416EF /* QuartzCore.framework */ = {isa = PBXFileReference; lastKnownFileType = wrapper.framework; name = QuartzCore.framework; path = System/Library/Frameworks/QuartzCore.framework; sourceTree = SDKROOT; };
		CE131EEE2E79748B009416EF /* MetalPerformanceShaders.framework */ = {isa = PBXFileReference; lastKnownFileType = wrapper.framework; name = MetalPerformanceShaders.framework; path = System/Library/Frameworks/MetalPerformanceShaders.framework; sourceTree = SDKROOT; };
		CE131EF02E797490009416EF /* MetalKit.framework */ = {isa = PBXFileReference; lastKnownFileType = wrapper.framework; name = MetalKit.framework; path = System/Library/Frameworks/MetalKit.framework; sourceTree = SDKROOT; };
		CE131EF22E797494009416EF /* Metal.framework */ = {isa = PBXFileReference; lastKnownFileType = wrapper.framework; name = Metal.framework; path = System/Library/Frameworks/Metal.framework; sourceTree = SDKROOT; };
		CE131EF42E797499009416EF /* WebKit.framework */ = {isa = PBXFileReference; lastKnownFileType = wrapper.framework; name = WebKit.framework; path = System/Library/Frameworks/WebKit.framework; sourceTree = SDKROOT; };
		CE131EF62E79749E009416EF /* CFNetwork.framework */ = {isa = PBXFileReference; lastKnownFileType = wrapper.framework; name = CFNetwork.framework; path = System/Library/Frameworks/CFNetwork.framework; sourceTree = SDKROOT; };
		CE131EF82E7974A2009416EF /* SystemConfiguration.framework */ = {isa = PBXFileReference; lastKnownFileType = wrapper.framework; name = SystemConfiguration.framework; path = System/Library/Frameworks/SystemConfiguration.framework; sourceTree = SDKROOT; };
		CE131EFA2E7974A6009416EF /* AudioToolbox.framework */ = {isa = PBXFileReference; lastKnownFileType = wrapper.framework; name = AudioToolbox.framework; path = System/Library/Frameworks/AudioToolbox.framework; sourceTree = SDKROOT; };
		CE131EFC2E7974AA009416EF /* AVKit.framework */ = {isa = PBXFileReference; lastKnownFileType = wrapper.framework; name = AVKit.framework; path = System/Library/Frameworks/AVKit.framework; sourceTree = SDKROOT; };
		CE131EFE2E7974AF009416EF /* AVFoundation.framework */ = {isa = PBXFileReference; lastKnownFileType = wrapper.framework; name = AVFoundation.framework; path = System/Library/Frameworks/AVFoundation.framework; sourceTree = SDKROOT; };
		CE131F022E79755E009416EF /* CoreAudio.framework */ = {isa = PBXFileReference; lastKnownFileType = wrapper.framework; name = CoreAudio.framework; path = System/Library/Frameworks/CoreAudio.framework; sourceTree = SDKROOT; };
		CE131F042E79757B009416EF /* CoreAudioKit.framework */ = {isa = PBXFileReference; lastKnownFileType = wrapper.framework; name = CoreAudioKit.framework; path = System/Library/Frameworks/CoreAudioKit.framework; sourceTree = SDKROOT; };
		CE131F072E7975CD009416EF /* SDKWrapper.h */ = {isa = PBXFileReference; lastKnownFileType = sourcecode.c.h; path = SDKWrapper.h; sourceTree = "<group>"; };
		CE131F082E7975CD009416EF /* SDKWrapper.mm */ = {isa = PBXFileReference; lastKnownFileType = sourcecode.cpp.objcpp; path = SDKWrapper.mm; sourceTree = "<group>"; };
		CE131F092E7975CD009416EF /* ViewController.h */ = {isa = PBXFileReference; lastKnownFileType = sourcecode.c.h; path = ViewController.h; sourceTree = "<group>"; };
		CE131F0A2E7975CD009416EF /* ViewController.mm */ = {isa = PBXFileReference; lastKnownFileType = sourcecode.cpp.objcpp; path = ViewController.mm; sourceTree = "<group>"; };
		CE8A29642F56DB8A00CC2208 /* flutter.xcodeproj */ = {isa = PBXFileReference; lastKnownFileType = "wrapper.pb-project"; name = flutter.xcodeproj; path = ../../../flutter/build/ios/proj/flutter.xcodeproj; sourceTree = SOURCE_ROOT; };
		CEC1FDD52E7E80AB00039F4C /* CloudKit.framework */ = {isa = PBXFileReference; lastKnownFileType = wrapper.framework; name = CloudKit.framework; path = System/Library/Frameworks/CloudKit.framework; sourceTree = SDKROOT; };
		CEC1FDD72E7EC36500039F4C /* Runner.entitlements */ = {isa = PBXFileReference; lastKnownFileType = text.plist.entitlements; path = Runner.entitlements; sourceTree = "<group>"; };
		DC9AD3FEE00E8EBADFE295FF /* Pods-Runner.debug.xcconfig */ = {isa = PBXFileReference; includeInIndex = 1; lastKnownFileType = text.xcconfig; name = "Pods-Runner.debug.xcconfig"; path = "Target Support Files/Pods-Runner/Pods-Runner.debug.xcconfig"; sourceTree = "<group>"; };
/* End PBXFileReference section */

/* Begin PBXFrameworksBuildPhase section */
		331C80EE294D02FB00263BE5 /* Frameworks */ = {
			isa = PBXFrameworksBuildPhase;
			buildActionMask = 2147483647;
			files = (
				A05A389A8E4F04090C080DF2 /* libPods-RunnerTests.a in Frameworks */,
			);
			runOnlyForDeploymentPostprocessing = 0;
		};
		97C146EB1CF9000F007C117D /* Frameworks */ = {
			isa = PBXFrameworksBuildPhase;
			buildActionMask = 2147483647;
			files = (
				CE131F052E79757B009416EF /* CoreAudioKit.framework in Frameworks */,
				CE131F032E79755F009416EF /* CoreAudio.framework in Frameworks */,
				CE131EFF2E7974AF009416EF /* AVFoundation.framework in Frameworks */,
				CE131EFD2E7974AA009416EF /* AVKit.framework in Frameworks */,
				CE131EFB2E7974A6009416EF /* AudioToolbox.framework in Frameworks */,
				CE131EF92E7974A2009416EF /* SystemConfiguration.framework in Frameworks */,
				CE131EF72E79749E009416EF /* CFNetwork.framework in Frameworks */,
				CE131EF52E797499009416EF /* WebKit.framework in Frameworks */,
				CE131EF32E797494009416EF /* Metal.framework in Frameworks */,
				CE131EF12E797490009416EF /* MetalKit.framework in Frameworks */,
				CE131EEF2E79748B009416EF /* MetalPerformanceShaders.framework in Frameworks */,
				CE131EED2E797487009416EF /* QuartzCore.framework in Frameworks */,
				CE131EEA2E797480009416EF /* CoreGraphics.framework in Frameworks */,
				CE131EEB2E797480009416EF /* CoreMedia.framework in Frameworks */,
				CE131EE72E79746D009416EF /* UIKit.framework in Frameworks */,
				CE131EE52E797468009416EF /* Foundation.framework in Frameworks */,
				CE131EE32E797463009416EF /* Security.framework in Frameworks */,
				CE131EE12E79745E009416EF /* OpenAL.framework in Frameworks */,
				CE131EDF2E79745A009416EF /* CoreVideo.framework in Frameworks */,
				CE131EDD2E797456009416EF /* CoreMotion.framework in Frameworks */,
				CE131EDB2E797452009416EF /* CoreText.framework in Frameworks */,
				7C4F573AEB875D0A7135FC95 /* libPods-Runner.a in Frameworks */,
			);
			runOnlyForDeploymentPostprocessing = 0;
		};
/* End PBXFrameworksBuildPhase section */

/* Begin PBXGroup section */
		302E8CF8316B6FD9F7CB4A59 /* Frameworks */ = {
			isa = PBXGroup;
			children = (
				CEC1FDD52E7E80AB00039F4C /* CloudKit.framework */,
				CE131F042E79757B009416EF /* CoreAudioKit.framework */,
				CE131F022E79755E009416EF /* CoreAudio.framework */,
				CE131EFE2E7974AF009416EF /* AVFoundation.framework */,
				CE131EFC2E7974AA009416EF /* AVKit.framework */,
				CE131EFA2E7974A6009416EF /* AudioToolbox.framework */,
				CE131EF82E7974A2009416EF /* SystemConfiguration.framework */,
				CE131EF62E79749E009416EF /* CFNetwork.framework */,
				CE131EF42E797499009416EF /* WebKit.framework */,
				CE131EF22E797494009416EF /* Metal.framework */,
				CE131EF02E797490009416EF /* MetalKit.framework */,
				CE131EEE2E79748B009416EF /* MetalPerformanceShaders.framework */,
				CE131EEC2E797487009416EF /* QuartzCore.framework */,
				CE131EE82E797480009416EF /* CoreGraphics.framework */,
				CE131EE92E797480009416EF /* CoreMedia.framework */,
				CE131EE62E79746D009416EF /* UIKit.framework */,
				CE131EE42E797468009416EF /* Foundation.framework */,
				CE131EE22E797463009416EF /* Security.framework */,
				CE131EE02E79745E009416EF /* OpenAL.framework */,
				CE131EDE2E79745A009416EF /* CoreVideo.framework */,
				CE131EDC2E797456009416EF /* CoreMotion.framework */,
				CE131EDA2E797451009416EF /* CoreText.framework */,
				184F866C18B8DD506B074495 /* libPods-Runner.a */,
				B4123F0F3ADEF578B4D939EB /* libPods-RunnerTests.a */,
			);
			name = Frameworks;
			sourceTree = "<group>";
		};
		331C80F2294D02FB00263BE5 /* RunnerTests */ = {
			isa = PBXGroup;
			children = (
				331C80F3294D02FB00263BE5 /* RunnerTests.m */,
			);
			path = RunnerTests;
			sourceTree = "<group>";
		};
		438A24F0E73E70B8B89E2CCC /* Pods */ = {
			isa = PBXGroup;
			children = (
				DC9AD3FEE00E8EBADFE295FF /* Pods-Runner.debug.xcconfig */,
				284E6CA7AC0C25FE3453B924 /* Pods-Runner.release.xcconfig */,
				3470127C99906493F3A653C5 /* Pods-Runner.profile.xcconfig */,
				3281FEBFC561493D739A85AC /* Pods-RunnerTests.debug.xcconfig */,
				2917895D78B8E9C0A78721F4 /* Pods-RunnerTests.release.xcconfig */,
				2754D8982129B9574A28263D /* Pods-RunnerTests.profile.xcconfig */,
			);
			path = Pods;
			sourceTree = "<group>";
		};
		9740EEB11CF90186004384FC /* Flutter */ = {
			isa = PBXGroup;
			children = (
				3B3967151E833CAA004F5970 /* AppFrameworkInfo.plist */,
				9740EEB21CF90195004384FC /* Debug.xcconfig */,
				7AFA3C8E1D35360C0083082E /* Release.xcconfig */,
				9740EEB31CF90195004384FC /* Generated.xcconfig */,
			);
			name = Flutter;
			sourceTree = "<group>";
		};
		97C146E51CF9000F007C117D = {
			isa = PBXGroup;
			children = (
				9740EEB11CF90186004384FC /* Flutter */,
				97C146F01CF9000F007C117D /* Runner */,
				331C80F2294D02FB00263BE5 /* RunnerTests */,
				97C146EF1CF9000F007C117D /* Products */,
				438A24F0E73E70B8B89E2CCC /* Pods */,
				302E8CF8316B6FD9F7CB4A59 /* Frameworks */,
				CE8A29642F56DB8A00CC2208 /* flutter.xcodeproj */,
			);
			sourceTree = "<group>";
		};
		97C146EF1CF9000F007C117D /* Products */ = {
			isa = PBXGroup;
			children = (
				97C146EE1CF9000F007C117D /* Runner.app */,
				331C80F1294D02FB00263BE5 /* RunnerTests.xctest */,
			);
			name = Products;
			sourceTree = "<group>";
		};
		97C146F01CF9000F007C117D /* Runner */ = {
			isa = PBXGroup;
			children = (
				CEC1FDD72E7EC36500039F4C /* Runner.entitlements */,
				7AFFD8ED1D35381100E5BB4D /* AppDelegate.h */,
				7AFFD8EE1D35381100E5BB4D /* AppDelegate.mm */,
				97C146FA1CF9000F007C117D /* Main.storyboard */,
				97C146FD1CF9000F007C117D /* Assets.xcassets */,
				97C146FF1CF9000F007C117D /* LaunchScreen.storyboard */,
				97C147021CF9000F007C117D /* Info.plist */,
				97C146F11CF9000F007C117D /* Supporting Files */,
				1498D2321E8E86230040F4C2 /* GeneratedPluginRegistrant.h */,
				1498D2331E8E89220040F4C2 /* GeneratedPluginRegistrant.m */,
				CE131F072E7975CD009416EF /* SDKWrapper.h */,
				CE131F082E7975CD009416EF /* SDKWrapper.mm */,
				CE131F092E7975CD009416EF /* ViewController.h */,
				CE131F0A2E7975CD009416EF /* ViewController.mm */,
			);
			path = Runner;
			sourceTree = "<group>";
		};
		97C146F11CF9000F007C117D /* Supporting Files */ = {
			isa = PBXGroup;
			children = (
				97C146F21CF9000F007C117D /* main.mm */,
			);
			name = "Supporting Files";
			sourceTree = "<group>";
		};
		CE373B262F56DB95009188F6 /* Products */ = {
			isa = PBXGroup;
			children = (
				CE373B2F2F56DB95009188F6 /* libboost_container.a */,
				CE373B312F56DB95009188F6 /* libcocos_engine.a */,
				CE373B332F56DB95009188F6 /* flutter-mobile */,
			);
			name = Products;
			sourceTree = "<group>";
		};
/* End PBXGroup section */

/* Begin PBXNativeTarget section */
		331C80F0294D02FB00263BE5 /* RunnerTests */ = {
			isa = PBXNativeTarget;
			buildConfigurationList = 331C80F7294D02FB00263BE5 /* Build configuration list for PBXNativeTarget "RunnerTests" */;
			buildPhases = (
				E11388B6A1C5DF56892ED81F /* [CP] Check Pods Manifest.lock */,
				331C80ED294D02FB00263BE5 /* Sources */,
				331C80EE294D02FB00263BE5 /* Frameworks */,
				331C80EF294D02FB00263BE5 /* Resources */,
			);
			buildRules = (
			);
			dependencies = (
				331C80F6294D02FB00263BE5 /* PBXTargetDependency */,
			);
			name = RunnerTests;
			productName = RunnerTests;
			productReference = 331C80F1294D02FB00263BE5 /* RunnerTests.xctest */;
			productType = "com.apple.product-type.bundle.unit-test";
		};
		97C146ED1CF9000F007C117D /* Runner */ = {
			isa = PBXNativeTarget;
			buildConfigurationList = 97C147051CF9000F007C117D /* Build configuration list for PBXNativeTarget "Runner" */;
			buildPhases = (
				B95B64A83E6975900E1C23A8 /* [CP] Check Pods Manifest.lock */,
				9740EEB61CF901F6004384FC /* Run Script */,
				97C146EA1CF9000F007C117D /* Sources */,
				97C146EB1CF9000F007C117D /* Frameworks */,
				97C146EC1CF9000F007C117D /* Resources */,
				9705A1C41CF9048500538489 /* Embed Frameworks */,
				3B06AD1E1E4923F5004D2608 /* Thin Binary */,
				A5AC96887ECF37274934CE2C /* [CP] Copy Pods Resources */,
				36401B011923A0F578163DE8 /* [CP] Embed Pods Frameworks */,
			);
			buildRules = (
			);
			dependencies = (
			);
			name = Runner;
			productName = Runner;
			productReference = 97C146EE1CF9000F007C117D /* Runner.app */;
			productType = "com.apple.product-type.application";
		};
/* End PBXNativeTarget section */

/* Begin PBXProject section */
		97C146E61CF9000F007C117D /* Project object */ = {
			isa = PBXProject;
			attributes = {
				BuildIndependentTargetsInParallel = YES;
				LastUpgradeCheck = 1510;
				ORGANIZATIONNAME = "";
				TargetAttributes = {
					331C80F0294D02FB00263BE5 = {
						CreatedOnToolsVersion = 14.0;
						TestTargetID = 97C146ED1CF9000F007C117D;
					};
					97C146ED1CF9000F007C117D = {
						CreatedOnToolsVersion = 7.3.1;
						LastSwiftMigration = 1640;
					};
				};
			};
			buildConfigurationList = 97C146E91CF9000F007C117D /* Build configuration list for PBXProject "Runner" */;
			compatibilityVersion = "Xcode 9.3";
			developmentRegion = en;
			hasScannedForEncodings = 0;
			knownRegions = (
				en,
				Base,
			);
			mainGroup = 97C146E51CF9000F007C117D;
			productRefGroup = 97C146EF1CF9000F007C117D /* Products */;
			projectDirPath = "";
			projectReferences = (
				{
					ProductGroup = CE373B262F56DB95009188F6 /* Products */;
					ProjectRef = CE8A29642F56DB8A00CC2208 /* flutter.xcodeproj */;
				},
			);
			projectRoot = "";
			targets = (
				97C146ED1CF9000F007C117D /* Runner */,
				331C80F0294D02FB00263BE5 /* RunnerTests */,
			);
		};
/* End PBXProject section */

/* Begin PBXReferenceProxy section */
		CE373B2F2F56DB95009188F6 /* libboost_container.a */ = {
			isa = PBXReferenceProxy;
			fileType = archive.ar;
			path = libboost_container.a;
			remoteRef = CE373B2E2F56DB95009188F6 /* PBXContainerItemProxy */;
			sourceTree = BUILT_PRODUCTS_DIR;
		};
		CE373B312F56DB95009188F6 /* libcocos_engine.a */ = {
			isa = PBXReferenceProxy;
			fileType = archive.ar;
			path = libcocos_engine.a;
			remoteRef = CE373B302F56DB95009188F6 /* PBXContainerItemProxy */;
			sourceTree = BUILT_PRODUCTS_DIR;
		};
		CE373B332F56DB95009188F6 /* flutter-mobile */ = {
			isa = PBXReferenceProxy;
			fileType = "compiled.mach-o.executable";
			name = "flutter-mobile";
			path = "flutter-mobile.app";
			remoteRef = CE373B322F56DB95009188F6 /* PBXContainerItemProxy */;
			sourceTree = BUILT_PRODUCTS_DIR;
		};
/* End PBXReferenceProxy section */

/* Begin PBXResourcesBuildPhase section */
		331C80EF294D02FB00263BE5 /* Resources */ = {
			isa = PBXResourcesBuildPhase;
			buildActionMask = 2147483647;
			files = (
			);
			runOnlyForDeploymentPostprocessing = 0;
		};
		97C146EC1CF9000F007C117D /* Resources */ = {
			isa = PBXResourcesBuildPhase;
			buildActionMask = 2147483647;
			files = (
				97C147011CF9000F007C117D /* LaunchScreen.storyboard in Resources */,
				3B3967161E833CAA004F5970 /* AppFrameworkInfo.plist in Resources */,
				97C146FE1CF9000F007C117D /* Assets.xcassets in Resources */,
				97C146FC1CF9000F007C117D /* Main.storyboard in Resources */,
			);
			runOnlyForDeploymentPostprocessing = 0;
		};
/* End PBXResourcesBuildPhase section */

/* Begin PBXShellScriptBuildPhase section */
		36401B011923A0F578163DE8 /* [CP] Embed Pods Frameworks */ = {
			isa = PBXShellScriptBuildPhase;
			buildActionMask = 2147483647;
			files = (
			);
			inputFileListPaths = (
				"${PODS_ROOT}/Target Support Files/Pods-Runner/Pods-Runner-frameworks-${CONFIGURATION}-input-files.xcfilelist",
			);
			inputPaths = (
			);
			name = "[CP] Embed Pods Frameworks";
			outputFileListPaths = (
				"${PODS_ROOT}/Target Support Files/Pods-Runner/Pods-Runner-frameworks-${CONFIGURATION}-output-files.xcfilelist",
			);
			outputPaths = (
			);
			runOnlyForDeploymentPostprocessing = 0;
			shellPath = /bin/sh;
			shellScript = "\"${PODS_ROOT}/Target Support Files/Pods-Runner/Pods-Runner-frameworks.sh\"\n";
			showEnvVarsInLog = 0;
		};
		3B06AD1E1E4923F5004D2608 /* Thin Binary */ = {
			isa = PBXShellScriptBuildPhase;
			alwaysOutOfDate = 1;
			buildActionMask = 2147483647;
			files = (
			);
			inputPaths = (
				"${TARGET_BUILD_DIR}/${INFOPLIST_PATH}",
			);
			name = "Thin Binary";
			outputPaths = (
			);
			runOnlyForDeploymentPostprocessing = 0;
			shellPath = /bin/sh;
			shellScript = "/bin/sh \"$FLUTTER_ROOT/packages/flutter_tools/bin/xcode_backend.sh\" embed_and_thin";
		};
		9740EEB61CF901F6004384FC /* Run Script */ = {
			isa = PBXShellScriptBuildPhase;
			alwaysOutOfDate = 1;
			buildActionMask = 2147483647;
			files = (
			);
			inputPaths = (
			);
			name = "Run Script";
			outputPaths = (
			);
			runOnlyForDeploymentPostprocessing = 0;
			shellPath = /bin/sh;
			shellScript = "/bin/sh \"$FLUTTER_ROOT/packages/flutter_tools/bin/xcode_backend.sh\" build";
		};
		A5AC96887ECF37274934CE2C /* [CP] Copy Pods Resources */ = {
			isa = PBXShellScriptBuildPhase;
			buildActionMask = 2147483647;
			files = (
			);
			inputFileListPaths = (
				"${PODS_ROOT}/Target Support Files/Pods-Runner/Pods-Runner-resources-${CONFIGURATION}-input-files.xcfilelist",
			);
			inputPaths = (
			);
			name = "[CP] Copy Pods Resources";
			outputFileListPaths = (
				"${PODS_ROOT}/Target Support Files/Pods-Runner/Pods-Runner-resources-${CONFIGURATION}-output-files.xcfilelist",
			);
			outputPaths = (
			);
			runOnlyForDeploymentPostprocessing = 0;
			shellPath = /bin/sh;
			shellScript = "\"${PODS_ROOT}/Target Support Files/Pods-Runner/Pods-Runner-resources.sh\"\n";
			showEnvVarsInLog = 0;
		};
		B95B64A83E6975900E1C23A8 /* [CP] Check Pods Manifest.lock */ = {
			isa = PBXShellScriptBuildPhase;
			buildActionMask = 2147483647;
			files = (
			);
			inputFileListPaths = (
			);
			inputPaths = (
				"${PODS_PODFILE_DIR_PATH}/Podfile.lock",
				"${PODS_ROOT}/Manifest.lock",
			);
			name = "[CP] Check Pods Manifest.lock";
			outputFileListPaths = (
			);
			outputPaths = (
				"$(DERIVED_FILE_DIR)/Pods-Runner-checkManifestLockResult.txt",
			);
			runOnlyForDeploymentPostprocessing = 0;
			shellPath = /bin/sh;
			shellScript = "diff \"${PODS_PODFILE_DIR_PATH}/Podfile.lock\" \"${PODS_ROOT}/Manifest.lock\" > /dev/null\nif [ $? != 0 ] ; then\n    # print error to STDERR\n    echo \"error: The sandbox is not in sync with the Podfile.lock. Run 'pod install' or update your CocoaPods installation.\" >&2\n    exit 1\nfi\n# This output is used by Xcode 'outputs' to avoid re-running this script phase.\necho \"SUCCESS\" > \"${SCRIPT_OUTPUT_FILE_0}\"\n";
			showEnvVarsInLog = 0;
		};
		E11388B6A1C5DF56892ED81F /* [CP] Check Pods Manifest.lock */ = {
			isa = PBXShellScriptBuildPhase;
			buildActionMask = 2147483647;
			files = (
			);
			inputFileListPaths = (
			);
			inputPaths = (
				"${PODS_PODFILE_DIR_PATH}/Podfile.lock",
				"${PODS_ROOT}/Manifest.lock",
			);
			name = "[CP] Check Pods Manifest.lock";
			outputFileListPaths = (
			);
			outputPaths = (
				"$(DERIVED_FILE_DIR)/Pods-RunnerTests-checkManifestLockResult.txt",
			);
			runOnlyForDeploymentPostprocessing = 0;
			shellPath = /bin/sh;
			shellScript = "diff \"${PODS_PODFILE_DIR_PATH}/Podfile.lock\" \"${PODS_ROOT}/Manifest.lock\" > /dev/null\nif [ $? != 0 ] ; then\n    # print error to STDERR\n    echo \"error: The sandbox is not in sync with the Podfile.lock. Run 'pod install' or update your CocoaPods installation.\" >&2\n    exit 1\nfi\n# This output is used by Xcode 'outputs' to avoid re-running this script phase.\necho \"SUCCESS\" > \"${SCRIPT_OUTPUT_FILE_0}\"\n";
			showEnvVarsInLog = 0;
		};
/* End PBXShellScriptBuildPhase section */

/* Begin PBXSourcesBuildPhase section */
		331C80ED294D02FB00263BE5 /* Sources */ = {
			isa = PBXSourcesBuildPhase;
			buildActionMask = 2147483647;
			files = (
				331C80F4294D02FB00263BE5 /* RunnerTests.m in Sources */,
			);
			runOnlyForDeploymentPostprocessing = 0;
		};
		97C146EA1CF9000F007C117D /* Sources */ = {
			isa = PBXSourcesBuildPhase;
			buildActionMask = 2147483647;
			files = (
				978B8F6F1D3862AE00F588F7 /* AppDelegate.mm in Sources */,
				97C146F31CF9000F007C117D /* main.mm in Sources */,
				CE131F0B2E7975CD009416EF /* ViewController.mm in Sources */,
				CE131F0C2E7975CD009416EF /* SDKWrapper.mm in Sources */,
				1498D2341E8E89220040F4C2 /* GeneratedPluginRegistrant.m in Sources */,
			);
			runOnlyForDeploymentPostprocessing = 0;
		};
/* End PBXSourcesBuildPhase section */

/* Begin PBXTargetDependency section */
		331C80F6294D02FB00263BE5 /* PBXTargetDependency */ = {
			isa = PBXTargetDependency;
			target = 97C146ED1CF9000F007C117D /* Runner */;
			targetProxy = 331C80F5294D02FB00263BE5 /* PBXContainerItemProxy */;
		};
/* End PBXTargetDependency section */

/* Begin PBXVariantGroup section */
		97C146FA1CF9000F007C117D /* Main.storyboard */ = {
			isa = PBXVariantGroup;
			children = (
				97C146FB1CF9000F007C117D /* Base */,
			);
			name = Main.storyboard;
			sourceTree = "<group>";
		};
		97C146FF1CF9000F007C117D /* LaunchScreen.storyboard */ = {
			isa = PBXVariantGroup;
			children = (
				97C147001CF9000F007C117D /* Base */,
			);
			name = LaunchScreen.storyboard;
			sourceTree = "<group>";
		};
/* End PBXVariantGroup section */

/* Begin XCBuildConfiguration section */
		249021D3217E4FDB00AE95B9 /* Profile */ = {
			isa = XCBuildConfiguration;
			buildSettings = {
				ALWAYS_SEARCH_USER_PATHS = NO;
				ASSETCATALOG_COMPILER_GENERATE_SWIFT_ASSET_SYMBOL_EXTENSIONS = YES;
				CLANG_ANALYZER_NONNULL = YES;
				CLANG_CXX_LANGUAGE_STANDARD = "gnu++0x";
				CLANG_CXX_LIBRARY = "libc++";
				CLANG_ENABLE_MODULES = YES;
				CLANG_ENABLE_OBJC_ARC = YES;
				CLANG_WARN_BLOCK_CAPTURE_AUTORELEASING = YES;
				CLANG_WARN_BOOL_CONVERSION = YES;
				CLANG_WARN_COMMA = YES;
				CLANG_WARN_CONSTANT_CONVERSION = YES;
				CLANG_WARN_DEPRECATED_OBJC_IMPLEMENTATIONS = YES;
				CLANG_WARN_DIRECT_OBJC_ISA_USAGE = YES_ERROR;
				CLANG_WARN_EMPTY_BODY = YES;
				CLANG_WARN_ENUM_CONVERSION = YES;
				CLANG_WARN_INFINITE_RECURSION = YES;
				CLANG_WARN_INT_CONVERSION = YES;
				CLANG_WARN_NON_LITERAL_NULL_CONVERSION = YES;
				CLANG_WARN_OBJC_IMPLICIT_RETAIN_SELF = YES;
				CLANG_WARN_OBJC_LITERAL_CONVERSION = YES;
				CLANG_WARN_OBJC_ROOT_CLASS = YES_ERROR;
				CLANG_WARN_RANGE_LOOP_ANALYSIS = YES;
				CLANG_WARN_STRICT_PROTOTYPES = YES;
				CLANG_WARN_SUSPICIOUS_MOVE = YES;
				CLANG_WARN_UNREACHABLE_CODE = YES;
				CLANG_WARN__DUPLICATE_METHOD_MATCH = YES;
				"CODE_SIGN_IDENTITY[sdk=iphoneos*]" = "iPhone Developer";
				COPY_PHASE_STRIP = NO;
				DEBUG_INFORMATION_FORMAT = "dwarf-with-dsym";
				ENABLE_NS_ASSERTIONS = NO;
				ENABLE_STRICT_OBJC_MSGSEND = YES;
				ENABLE_USER_SCRIPT_SANDBOXING = NO;
				GCC_C_LANGUAGE_STANDARD = gnu99;
				GCC_NO_COMMON_BLOCKS = YES;
				GCC_WARN_64_TO_32_BIT_CONVERSION = YES;
				GCC_WARN_ABOUT_RETURN_TYPE = YES_ERROR;
				GCC_WARN_UNDECLARED_SELECTOR = YES;
				GCC_WARN_UNINITIALIZED_AUTOS = YES_AGGRESSIVE;
				GCC_WARN_UNUSED_FUNCTION = YES;
				GCC_WARN_UNUSED_VARIABLE = YES;
				IPHONEOS_DEPLOYMENT_TARGET = 13.0;
				MTL_ENABLE_DEBUG_INFO = NO;
				SDKROOT = iphoneos;
				SUPPORTED_PLATFORMS = iphoneos;
				TARGETED_DEVICE_FAMILY = "1,2";
				VALIDATE_PRODUCT = YES;
			};
			name = Profile;
		};
		249021D4217E4FDB00AE95B9 /* Profile */ = {
			isa = XCBuildConfiguration;
			baseConfigurationReference = 7AFA3C8E1D35360C0083082E /* Release.xcconfig */;
			buildSettings = {
				ASSETCATALOG_COMPILER_APPICON_NAME = AppIcon;
				CLANG_CXX_LANGUAGE_STANDARD = "c++17";
				CLANG_ENABLE_MODULES = YES;
				CODE_SIGN_ENTITLEMENTS = Runner/Runner.entitlements;
				CODE_SIGN_IDENTITY = "Apple Development";
				CODE_SIGN_STYLE = Automatic;
				CURRENT_PROJECT_VERSION = 1;
				DEVELOPMENT_TEAM = 263ZX2KL7X;
				ENABLE_BITCODE = NO;
				GCC_PREPROCESSOR_DEFINITIONS = (
					"$(inherited)",
					"COCOAPODS=1",
					"BOOST_ALL_NO_LIB=1",
					"CMAKE_INTDIR=\"$(CONFIGURATION)$(EFFECTIVE_PLATFORM_NAME)\"",
					"CC_USE_VIDEO=1",
					"CC_USE_WEBVIEW=1",
					"CC_USE_AUDIO=1",
					"CC_USE_XR=0",
					"CC_USE_SOCKET=1",
					"CC_USE_WEBSOCKET_SERVER=0",
					"CC_USE_EDITBOX=1",
					"USE_V8_DEBUGGER=0",
					"CC_USE_MIDDLEWARE=1",
					"CC_USE_SPINE=1",
					"CC_USE_DRAGONBONES=1",
					"CC_USE_JOB_SYSTEM_TBB=0",
					"CC_USE_JOB_SYSTEM_TASKFLOW=0",
					"CC_USE_PHYSICS_PHYSX=0",
					"CC_USE_OCCLUSION_QUERY=0",
					"CC_USE_DEBUG_RENDERER=0",
					"CC_USE_GEOMETRY_RENDERER=0",
					"CC_USE_WEBP=1",
					"CC_EDITOR=0",
					CC_USE_METAL,
					"TBB_USE_EXCEPTIONS=0",
					"CC_PLATFORM_WINDOWS=2",
					"CC_PLATFORM_MACOS=4",
					"CC_PLATFORM_IOS=1",
					"CC_PLATFORM_MAC_OSX=4",
					"CC_PLATFORM_MAC_IOS=1",
					"CC_PLATFORM_ANDROID=3",
					"CC_PLATFORM_OHOS=5",
					"CC_PLATFORM_LINUX=6",
					"CC_PLATFORM_QNX=7",
					"CC_PLATFORM_NX=8",
					"CC_PLATFORM_EMSCRIPTEN=9",
					"CC_NETMODE_CLIENT=0",
					"CC_NETMODE_LISTEN_SERVER=1",
					"CC_NETMODE_HOST_SERVER=2",
					"CC_NETMODE=0",
					BOOST_CONTAINER_NO_LIB,
					BOOST_CONTAINER_STATIC_LINK,
					BOOST_UUID_FORCE_AUTO_LINK,
					"V8_TYPED_ARRAY_MAX_SIZE_IN_HEAP=64",
					ENABLE_MINOR_MC,
					ENABLE_HANDLE_ZAPPING,
					V8_ATOMIC_OBJECT_FIELD_WRITES,
					V8_ATOMIC_MARKING_STATE,
					V8_ENABLE_LAZY_SOURCE_POSITIONS,
					V8_SHARED_RO_HEAP,
					V8_WIN64_UNWINDING_INFO,
					V8_ENABLE_REGEXP_INTERPRETER_THREADED_DISPATCH,
					V8_SNAPSHOT_COMPRESSION,
					V8_ENABLE_SYSTEM_INSTRUMENTATION,
					V8_ENABLE_WEBASSEMBLY,
					V8_DEPRECATION_WARNINGS,
					V8_IMMINENT_DEPRECATION_WARNINGS,
					CPPGC_CAGED_HEAP,
					V8_TARGET_ARCH_ARM64,
					V8_HAVE_TARGET_OS,
					V8_TARGET_OS_IOS,
					DISABLE_UNTRUSTED_CODE_MITIGATIONS,
					"CC_DLL=",
				);
				HEADER_SEARCH_PATHS = (
					"/Users/user/Documents/cocos/engnine/cc-custom-engine363/native/cmake/../external/sources",
					/Users/user/flutter/native/engine/ios/../common/Classes,
					/Users/user/flutter/native/engine/ios/service,
					"/Users/user/Documents/cocos/engnine/cc-custom-engine363/native/external/sources",
					"/Users/user/Documents/cocos/engnine/cc-custom-engine363/native/external/sources/SocketRocket",
					"/Users/user/Documents/cocos/engnine/cc-custom-engine363/native/external/ios/include",
					"/Users/user/Documents/cocos/engnine/cc-custom-engine363/native",
					"/Users/user/Documents/cocos/engnine/cc-custom-engine363/native/cocos",
					"/Users/user/Documents/cocos/engnine/cc-custom-engine363/native/cocos/renderer",
					"/Users/user/Documents/cocos/engnine/cc-custom-engine363/native/cocos/platform",
					"/Users/user/Documents/cocos/engnine/cc-custom-engine363/native/cocos/renderer/core",
					"/Users/user/Documents/cocos/engnine/cc-custom-engine363/native/cocos/editor-support",
					"/Users/user/Documents/cocos/engnine/cc-custom-engine363/native/cocos/bindings/jswrapper",
					"$(SRCROOT)/Classes/Native",
					"/Users/user/Documents/cocos/engnine/cc-custom-engine363/native/external/sources/khronos",
					"/Users/user/Documents/cocos/engnine/cc-custom-engine363/native/cocos/platform/ios",
					"$(SRCROOT)/Libraries/external/baselib/Platforms/IOS/Include",
					"$(SRCROOT)/Il2CppOutputProject/IL2CPP/libil2cpp/pch",
					"$(inherited)",
					"$(SRCROOT)/Libraries/bdwgc/include",
					"$(SRCROOT)/Il2CppOutputProject/IL2CPP/external/baselib/Platforms/IOS/Include",
					"$(SRCROOT)/Il2CppOutputProject/IL2CPP/libil2cpp/",
					"$(SRCROOT)/Classes",
					"$(SRCROOT)/Il2CppOutputProject/IL2CPP/external/baselib/Include",
				);
				INFOPLIST_FILE = Runner/Info.plist;
				INFOPLIST_KEY_CFBundleDisplayName = "Portugal Train Timetable";
				IPHONEOS_DEPLOYMENT_TARGET = 13.0;
				LD_RUNPATH_SEARCH_PATHS = (
					"$(inherited)",
					"@executable_path/Frameworks",
				);
				MARKETING_VERSION = 3.0.0;
				OTHER_LDFLAGS = (
					"$(inherited)",
					"-ObjC",
					"-l\"webview_flutter_wkwebview\"",
					"-Wl,-headerpad_max_install_names",
					"-lc++",
					"-liconv",
					"-lz",
					"-Wl,/Users/user/flutter/build/ios/proj/boost/container/archives/Release/libboost_container.a",
					"-Wl,/Users/user/flutter/build/ios/proj/archives/Release/libcocos_engine.a",
					"/Users/user/Documents/cocos/engnine/cc-custom-engine363/native/external/ios/libs/libjpeg.a",
					"/Users/user/Documents/cocos/engnine/cc-custom-engine363/native/external/ios/libs/libpng.a",
					"/Users/user/Documents/cocos/engnine/cc-custom-engine363/native/external/ios/libs/libwebp.a",
					"/Users/user/Documents/cocos/engnine/cc-custom-engine363/native/external/ios/libs/libcrypto.a",
					"/Users/user/Documents/cocos/engnine/cc-custom-engine363/native/external/ios/libs/libssl.a",
					"/Users/user/Documents/cocos/engnine/cc-custom-engine363/native/external/ios/libs/glslang/libglslang.a",
					"/Users/user/Documents/cocos/engnine/cc-custom-engine363/native/external/ios/libs/glslang/libglslang-default-resource-limits.a",
					"/Users/user/Documents/cocos/engnine/cc-custom-engine363/native/external/ios/libs/glslang/libMachineIndependent.a",
					"/Users/user/Documents/cocos/engnine/cc-custom-engine363/native/external/ios/libs/glslang/libOGLCompiler.a",
					"/Users/user/Documents/cocos/engnine/cc-custom-engine363/native/external/ios/libs/glslang/libOSDependent.a",
					"/Users/user/Documents/cocos/engnine/cc-custom-engine363/native/external/ios/libs/glslang/libSPIRV.a",
					"/Users/user/Documents/cocos/engnine/cc-custom-engine363/native/external/ios/libs/glslang/libSPIRV-Tools-opt.a",
					"/Users/user/Documents/cocos/engnine/cc-custom-engine363/native/external/ios/libs/glslang/libSPIRV-Tools.a",
					"/Users/user/Documents/cocos/engnine/cc-custom-engine363/native/external/ios/libs/glslang/libGenericCodeGen.a",
					"/Users/user/Documents/cocos/engnine/cc-custom-engine363/native/external/ios/libs/spirv-cross/libspirv-cross-core.a",
					"/Users/user/Documents/cocos/engnine/cc-custom-engine363/native/external/ios/libs/spirv-cross/libspirv-cross-glsl.a",
					"/Users/user/Documents/cocos/engnine/cc-custom-engine363/native/external/ios/libs/spirv-cross/libspirv-cross-msl.a",
					"/Users/user/Documents/cocos/engnine/cc-custom-engine363/native/external/ios/libs/libtbb_static.a",
					"/Users/user/Documents/cocos/engnine/cc-custom-engine363/native/external/ios/libs/libv8_monolith.a",
					"/Users/user/Documents/cocos/engnine/cc-custom-engine363/native/external/ios/libs/libuv_a.a",
					"-lsqlite3",
					"-L$(DEVELOPER_DIR)/Toolchains/XcodeDefault.xctoolchain/usr/lib/swift/$(PLATFORM_NAME)",
				);
				PRODUCT_BUNDLE_IDENTIFIER = com.gem.game363;
				PRODUCT_NAME = "$(TARGET_NAME)";
				PROVISIONING_PROFILE_SPECIFIER = "";
				SUPPORTED_PLATFORMS = "iphoneos iphonesimulator";
				SUPPORTS_MACCATALYST = NO;
				SUPPORTS_MAC_DESIGNED_FOR_IPHONE_IPAD = NO;
				SUPPORTS_XR_DESIGNED_FOR_IPHONE_IPAD = NO;
				SWIFT_OBJC_BRIDGING_HEADER = "Runner/Runner-Bridging-Header.h";
				SWIFT_VERSION = 5.0;
				SYSTEM_HEADER_SEARCH_PATHS = (
					"/Users/user/Documents/cocos/engnine/cc-custom-engine363/native/external/ios/include/v8",
					"/Users/user/Documents/cocos/engnine/cc-custom-engine363/native/external/ios/include/uv",
					"$(inherited)",
				);
				TARGETED_DEVICE_FAMILY = 1;
				USE_HEADERMAP = YES;
				VERSIONING_SYSTEM = "apple-generic";
			};
			name = Profile;
		};
		331C80F8294D02FB00263BE5 /* Debug */ = {
			isa = XCBuildConfiguration;
			baseConfigurationReference = 3281FEBFC561493D739A85AC /* Pods-RunnerTests.debug.xcconfig */;
			buildSettings = {
				BUNDLE_LOADER = "$(TEST_HOST)";
				CURRENT_PROJECT_VERSION = 1;
				GENERATE_INFOPLIST_FILE = YES;
				MARKETING_VERSION = 1.0;
				PRODUCT_BUNDLE_IDENTIFIER = com.example.spanishVocab.RunnerTests;
				PRODUCT_NAME = "$(TARGET_NAME)";
				TEST_HOST = "$(BUILT_PRODUCTS_DIR)/Runner.app/$(BUNDLE_EXECUTABLE_FOLDER_PATH)/Runner";
			};
			name = Debug;
		};
		331C80F9294D02FB00263BE5 /* Release */ = {
			isa = XCBuildConfiguration;
			baseConfigurationReference = 2917895D78B8E9C0A78721F4 /* Pods-RunnerTests.release.xcconfig */;
			buildSettings = {
				BUNDLE_LOADER = "$(TEST_HOST)";
				CURRENT_PROJECT_VERSION = 1;
				GENERATE_INFOPLIST_FILE = YES;
				MARKETING_VERSION = 1.0;
				PRODUCT_BUNDLE_IDENTIFIER = com.example.spanishVocab.RunnerTests;
				PRODUCT_NAME = "$(TARGET_NAME)";
				TEST_HOST = "$(BUILT_PRODUCTS_DIR)/Runner.app/$(BUNDLE_EXECUTABLE_FOLDER_PATH)/Runner";
			};
			name = Release;
		};
		331C80FA294D02FB00263BE5 /* Profile */ = {
			isa = XCBuildConfiguration;
			baseConfigurationReference = 2754D8982129B9574A28263D /* Pods-RunnerTests.profile.xcconfig */;
			buildSettings = {
				BUNDLE_LOADER = "$(TEST_HOST)";
				CURRENT_PROJECT_VERSION = 1;
				GENERATE_INFOPLIST_FILE = YES;
				MARKETING_VERSION = 1.0;
				PRODUCT_BUNDLE_IDENTIFIER = com.example.spanishVocab.RunnerTests;
				PRODUCT_NAME = "$(TARGET_NAME)";
				TEST_HOST = "$(BUILT_PRODUCTS_DIR)/Runner.app/$(BUNDLE_EXECUTABLE_FOLDER_PATH)/Runner";
			};
			name = Profile;
		};
		97C147031CF9000F007C117D /* Debug */ = {
			isa = XCBuildConfiguration;
			buildSettings = {
				ALWAYS_SEARCH_USER_PATHS = NO;
				ASSETCATALOG_COMPILER_GENERATE_SWIFT_ASSET_SYMBOL_EXTENSIONS = YES;
				CLANG_ANALYZER_NONNULL = YES;
				CLANG_CXX_LANGUAGE_STANDARD = "gnu++0x";
				CLANG_CXX_LIBRARY = "libc++";
				CLANG_ENABLE_MODULES = YES;
				CLANG_ENABLE_OBJC_ARC = YES;
				CLANG_WARN_BLOCK_CAPTURE_AUTORELEASING = YES;
				CLANG_WARN_BOOL_CONVERSION = YES;
				CLANG_WARN_COMMA = YES;
				CLANG_WARN_CONSTANT_CONVERSION = YES;
				CLANG_WARN_DEPRECATED_OBJC_IMPLEMENTATIONS = YES;
				CLANG_WARN_DIRECT_OBJC_ISA_USAGE = YES_ERROR;
				CLANG_WARN_EMPTY_BODY = YES;
				CLANG_WARN_ENUM_CONVERSION = YES;
				CLANG_WARN_INFINITE_RECURSION = YES;
				CLANG_WARN_INT_CONVERSION = YES;
				CLANG_WARN_NON_LITERAL_NULL_CONVERSION = YES;
				CLANG_WARN_OBJC_IMPLICIT_RETAIN_SELF = YES;
				CLANG_WARN_OBJC_LITERAL_CONVERSION = YES;
				CLANG_WARN_OBJC_ROOT_CLASS = YES_ERROR;
				CLANG_WARN_RANGE_LOOP_ANALYSIS = YES;
				CLANG_WARN_STRICT_PROTOTYPES = YES;
				CLANG_WARN_SUSPICIOUS_MOVE = YES;
				CLANG_WARN_UNREACHABLE_CODE = YES;
				CLANG_WARN__DUPLICATE_METHOD_MATCH = YES;
				"CODE_SIGN_IDENTITY[sdk=iphoneos*]" = "iPhone Developer";
				COPY_PHASE_STRIP = NO;
				DEBUG_INFORMATION_FORMAT = dwarf;
				ENABLE_STRICT_OBJC_MSGSEND = YES;
				ENABLE_TESTABILITY = YES;
				ENABLE_USER_SCRIPT_SANDBOXING = NO;
				GCC_C_LANGUAGE_STANDARD = gnu99;
				GCC_DYNAMIC_NO_PIC = NO;
				GCC_NO_COMMON_BLOCKS = YES;
				GCC_OPTIMIZATION_LEVEL = 0;
				GCC_PREPROCESSOR_DEFINITIONS = (
					"DEBUG=1",
					"$(inherited)",
				);
				GCC_WARN_64_TO_32_BIT_CONVERSION = YES;
				GCC_WARN_ABOUT_RETURN_TYPE = YES_ERROR;
				GCC_WARN_UNDECLARED_SELECTOR = YES;
				GCC_WARN_UNINITIALIZED_AUTOS = YES_AGGRESSIVE;
				GCC_WARN_UNUSED_FUNCTION = YES;
				GCC_WARN_UNUSED_VARIABLE = YES;
				IPHONEOS_DEPLOYMENT_TARGET = 13.0;
				MTL_ENABLE_DEBUG_INFO = YES;
				ONLY_ACTIVE_ARCH = YES;
				SDKROOT = iphoneos;
				TARGETED_DEVICE_FAMILY = "1,2";
			};
			name = Debug;
		};
		97C147041CF9000F007C117D /* Release */ = {
			isa = XCBuildConfiguration;
			buildSettings = {
				ALWAYS_SEARCH_USER_PATHS = NO;
				ASSETCATALOG_COMPILER_GENERATE_SWIFT_ASSET_SYMBOL_EXTENSIONS = YES;
				CLANG_ANALYZER_NONNULL = YES;
				CLANG_CXX_LANGUAGE_STANDARD = "gnu++0x";
				CLANG_CXX_LIBRARY = "libc++";
				CLANG_ENABLE_MODULES = YES;
				CLANG_ENABLE_OBJC_ARC = YES;
				CLANG_WARN_BLOCK_CAPTURE_AUTORELEASING = YES;
				CLANG_WARN_BOOL_CONVERSION = YES;
				CLANG_WARN_COMMA = YES;
				CLANG_WARN_CONSTANT_CONVERSION = YES;
				CLANG_WARN_DEPRECATED_OBJC_IMPLEMENTATIONS = YES;
				CLANG_WARN_DIRECT_OBJC_ISA_USAGE = YES_ERROR;
				CLANG_WARN_EMPTY_BODY = YES;
				CLANG_WARN_ENUM_CONVERSION = YES;
				CLANG_WARN_INFINITE_RECURSION = YES;
				CLANG_WARN_INT_CONVERSION = YES;
				CLANG_WARN_NON_LITERAL_NULL_CONVERSION = YES;
				CLANG_WARN_OBJC_IMPLICIT_RETAIN_SELF = YES;
				CLANG_WARN_OBJC_LITERAL_CONVERSION = YES;
				CLANG_WARN_OBJC_ROOT_CLASS = YES_ERROR;
				CLANG_WARN_RANGE_LOOP_ANALYSIS = YES;
				CLANG_WARN_STRICT_PROTOTYPES = YES;
				CLANG_WARN_SUSPICIOUS_MOVE = YES;
				CLANG_WARN_UNREACHABLE_CODE = YES;
				CLANG_WARN__DUPLICATE_METHOD_MATCH = YES;
				"CODE_SIGN_IDENTITY[sdk=iphoneos*]" = "iPhone Developer";
				COPY_PHASE_STRIP = NO;
				DEBUG_INFORMATION_FORMAT = "dwarf-with-dsym";
				ENABLE_NS_ASSERTIONS = NO;
				ENABLE_STRICT_OBJC_MSGSEND = YES;
				ENABLE_USER_SCRIPT_SANDBOXING = NO;
				GCC_C_LANGUAGE_STANDARD = gnu99;
				GCC_NO_COMMON_BLOCKS = YES;
				GCC_WARN_64_TO_32_BIT_CONVERSION = YES;
				GCC_WARN_ABOUT_RETURN_TYPE = YES_ERROR;
				GCC_WARN_UNDECLARED_SELECTOR = YES;
				GCC_WARN_UNINITIALIZED_AUTOS = YES_AGGRESSIVE;
				GCC_WARN_UNUSED_FUNCTION = YES;
				GCC_WARN_UNUSED_VARIABLE = YES;
				IPHONEOS_DEPLOYMENT_TARGET = 13.0;
				MTL_ENABLE_DEBUG_INFO = NO;
				SDKROOT = iphoneos;
				SUPPORTED_PLATFORMS = iphoneos;
				TARGETED_DEVICE_FAMILY = "1,2";
				VALIDATE_PRODUCT = YES;
			};
			name = Release;
		};
		97C147061CF9000F007C117D /* Debug */ = {
			isa = XCBuildConfiguration;
			baseConfigurationReference = 9740EEB21CF90195004384FC /* Debug.xcconfig */;
			buildSettings = {
				ASSETCATALOG_COMPILER_APPICON_NAME = AppIcon;
				CLANG_CXX_LANGUAGE_STANDARD = "c++17";
				CLANG_ENABLE_MODULES = YES;
				CODE_SIGN_ENTITLEMENTS = Runner/Runner.entitlements;
				CODE_SIGN_IDENTITY = "Apple Development";
				CODE_SIGN_STYLE = Automatic;
				CURRENT_PROJECT_VERSION = 1;
				DEVELOPMENT_TEAM = 263ZX2KL7X;
				ENABLE_BITCODE = NO;
				GCC_PREPROCESSOR_DEFINITIONS = (
					"$(inherited)",
					"COCOAPODS=1",
					"BOOST_ALL_NO_LIB=1",
					"CMAKE_INTDIR=\"$(CONFIGURATION)$(EFFECTIVE_PLATFORM_NAME)\"",
					"CC_USE_VIDEO=1",
					"CC_USE_WEBVIEW=1",
					"CC_USE_AUDIO=1",
					"CC_USE_XR=0",
					"CC_USE_SOCKET=1",
					"CC_USE_WEBSOCKET_SERVER=0",
					"CC_USE_EDITBOX=1",
					"USE_V8_DEBUGGER=0",
					"CC_USE_MIDDLEWARE=1",
					"CC_USE_SPINE=1",
					"CC_USE_DRAGONBONES=1",
					"CC_USE_JOB_SYSTEM_TBB=0",
					"CC_USE_JOB_SYSTEM_TASKFLOW=0",
					"CC_USE_PHYSICS_PHYSX=0",
					"CC_USE_OCCLUSION_QUERY=0",
					"CC_USE_DEBUG_RENDERER=0",
					"CC_USE_GEOMETRY_RENDERER=0",
					"CC_USE_WEBP=1",
					"CC_EDITOR=0",
					CC_USE_METAL,
					"TBB_USE_EXCEPTIONS=0",
					"CC_PLATFORM_WINDOWS=2",
					"CC_PLATFORM_MACOS=4",
					"CC_PLATFORM_IOS=1",
					"CC_PLATFORM_MAC_OSX=4",
					"CC_PLATFORM_MAC_IOS=1",
					"CC_PLATFORM_ANDROID=3",
					"CC_PLATFORM_OHOS=5",
					"CC_PLATFORM_LINUX=6",
					"CC_PLATFORM_QNX=7",
					"CC_PLATFORM_NX=8",
					"CC_PLATFORM_EMSCRIPTEN=9",
					"CC_NETMODE_CLIENT=0",
					"CC_NETMODE_LISTEN_SERVER=1",
					"CC_NETMODE_HOST_SERVER=2",
					"CC_NETMODE=0",
					BOOST_CONTAINER_NO_LIB,
					BOOST_CONTAINER_STATIC_LINK,
					BOOST_UUID_FORCE_AUTO_LINK,
					"V8_TYPED_ARRAY_MAX_SIZE_IN_HEAP=64",
					ENABLE_MINOR_MC,
					ENABLE_HANDLE_ZAPPING,
					V8_ATOMIC_OBJECT_FIELD_WRITES,
					V8_ATOMIC_MARKING_STATE,
					V8_ENABLE_LAZY_SOURCE_POSITIONS,
					V8_SHARED_RO_HEAP,
					V8_WIN64_UNWINDING_INFO,
					V8_ENABLE_REGEXP_INTERPRETER_THREADED_DISPATCH,
					V8_SNAPSHOT_COMPRESSION,
					V8_ENABLE_SYSTEM_INSTRUMENTATION,
					V8_ENABLE_WEBASSEMBLY,
					V8_DEPRECATION_WARNINGS,
					V8_IMMINENT_DEPRECATION_WARNINGS,
					CPPGC_CAGED_HEAP,
					V8_TARGET_ARCH_ARM64,
					V8_HAVE_TARGET_OS,
					V8_TARGET_OS_IOS,
					DISABLE_UNTRUSTED_CODE_MITIGATIONS,
					"CC_DLL=",
				);
				HEADER_SEARCH_PATHS = (
					"/Users/user/Documents/cocos/engnine/cc-custom-engine363/native/cmake/../external/sources",
					/Users/user/flutter/native/engine/ios/../common/Classes,
					/Users/user/flutter/native/engine/ios/service,
					"/Users/user/Documents/cocos/engnine/cc-custom-engine363/native/external/sources",
					"/Users/user/Documents/cocos/engnine/cc-custom-engine363/native/external/sources/SocketRocket",
					"/Users/user/Documents/cocos/engnine/cc-custom-engine363/native/external/ios/include",
					"/Users/user/Documents/cocos/engnine/cc-custom-engine363/native",
					"/Users/user/Documents/cocos/engnine/cc-custom-engine363/native/cocos",
					"/Users/user/Documents/cocos/engnine/cc-custom-engine363/native/cocos/renderer",
					"/Users/user/Documents/cocos/engnine/cc-custom-engine363/native/cocos/platform",
					"/Users/user/Documents/cocos/engnine/cc-custom-engine363/native/cocos/renderer/core",
					"/Users/user/Documents/cocos/engnine/cc-custom-engine363/native/cocos/editor-support",
					"/Users/user/Documents/cocos/engnine/cc-custom-engine363/native/cocos/bindings/jswrapper",
					"$(SRCROOT)/Classes/Native",
					"/Users/user/Documents/cocos/engnine/cc-custom-engine363/native/external/sources/khronos",
					"/Users/user/Documents/cocos/engnine/cc-custom-engine363/native/cocos/platform/ios",
					"$(SRCROOT)/Libraries/external/baselib/Platforms/IOS/Include",
					"$(SRCROOT)/Il2CppOutputProject/IL2CPP/libil2cpp/pch",
					"$(inherited)",
					"$(SRCROOT)/Libraries/bdwgc/include",
					"$(SRCROOT)/Il2CppOutputProject/IL2CPP/external/baselib/Platforms/IOS/Include",
					"$(SRCROOT)/Il2CppOutputProject/IL2CPP/libil2cpp/",
					"$(SRCROOT)/Classes",
					"$(SRCROOT)/Il2CppOutputProject/IL2CPP/external/baselib/Include",
				);
				INFOPLIST_FILE = Runner/Info.plist;
				INFOPLIST_KEY_CFBundleDisplayName = "Portugal Train Timetable";
				IPHONEOS_DEPLOYMENT_TARGET = 13.0;
				LD_RUNPATH_SEARCH_PATHS = (
					"$(inherited)",
					"@executable_path/Frameworks",
				);
				MARKETING_VERSION = 3.0.0;
				OTHER_LDFLAGS = (
					"$(inherited)",
					"-ObjC",
					"-l\"webview_flutter_wkwebview\"",
					"-Wl,-headerpad_max_install_names",
					"-lc++",
					"-liconv",
					"-lz",
					"-Wl,/Users/user/flutter/build/ios/proj/boost/container/archives/Release/libboost_container.a",
					"-Wl,/Users/user/flutter/build/ios/proj/archives/Release/libcocos_engine.a",
					"/Users/user/Documents/cocos/engnine/cc-custom-engine363/native/external/ios/libs/libjpeg.a",
					"/Users/user/Documents/cocos/engnine/cc-custom-engine363/native/external/ios/libs/libpng.a",
					"/Users/user/Documents/cocos/engnine/cc-custom-engine363/native/external/ios/libs/libwebp.a",
					"/Users/user/Documents/cocos/engnine/cc-custom-engine363/native/external/ios/libs/libcrypto.a",
					"/Users/user/Documents/cocos/engnine/cc-custom-engine363/native/external/ios/libs/libssl.a",
					"/Users/user/Documents/cocos/engnine/cc-custom-engine363/native/external/ios/libs/glslang/libglslang.a",
					"/Users/user/Documents/cocos/engnine/cc-custom-engine363/native/external/ios/libs/glslang/libglslang-default-resource-limits.a",
					"/Users/user/Documents/cocos/engnine/cc-custom-engine363/native/external/ios/libs/glslang/libMachineIndependent.a",
					"/Users/user/Documents/cocos/engnine/cc-custom-engine363/native/external/ios/libs/glslang/libOGLCompiler.a",
					"/Users/user/Documents/cocos/engnine/cc-custom-engine363/native/external/ios/libs/glslang/libOSDependent.a",
					"/Users/user/Documents/cocos/engnine/cc-custom-engine363/native/external/ios/libs/glslang/libSPIRV.a",
					"/Users/user/Documents/cocos/engnine/cc-custom-engine363/native/external/ios/libs/glslang/libSPIRV-Tools-opt.a",
					"/Users/user/Documents/cocos/engnine/cc-custom-engine363/native/external/ios/libs/glslang/libSPIRV-Tools.a",
					"/Users/user/Documents/cocos/engnine/cc-custom-engine363/native/external/ios/libs/glslang/libGenericCodeGen.a",
					"/Users/user/Documents/cocos/engnine/cc-custom-engine363/native/external/ios/libs/spirv-cross/libspirv-cross-core.a",
					"/Users/user/Documents/cocos/engnine/cc-custom-engine363/native/external/ios/libs/spirv-cross/libspirv-cross-glsl.a",
					"/Users/user/Documents/cocos/engnine/cc-custom-engine363/native/external/ios/libs/spirv-cross/libspirv-cross-msl.a",
					"/Users/user/Documents/cocos/engnine/cc-custom-engine363/native/external/ios/libs/libtbb_static.a",
					"/Users/user/Documents/cocos/engnine/cc-custom-engine363/native/external/ios/libs/libv8_monolith.a",
					"/Users/user/Documents/cocos/engnine/cc-custom-engine363/native/external/ios/libs/libuv_a.a",
					"-lsqlite3",
					"-L$(DEVELOPER_DIR)/Toolchains/XcodeDefault.xctoolchain/usr/lib/swift/$(PLATFORM_NAME)",
				);
				PRODUCT_BUNDLE_IDENTIFIER = com.gem.game363;
				PRODUCT_NAME = "$(TARGET_NAME)";
				PROVISIONING_PROFILE_SPECIFIER = "";
				SUPPORTED_PLATFORMS = "iphoneos iphonesimulator";
				SUPPORTS_MACCATALYST = NO;
				SUPPORTS_MAC_DESIGNED_FOR_IPHONE_IPAD = NO;
				SUPPORTS_XR_DESIGNED_FOR_IPHONE_IPAD = NO;
				SWIFT_OBJC_BRIDGING_HEADER = "Runner/Runner-Bridging-Header.h";
				SWIFT_OPTIMIZATION_LEVEL = "-Onone";
				SWIFT_VERSION = 5.0;
				SYSTEM_HEADER_SEARCH_PATHS = (
					"/Users/user/Documents/cocos/engnine/cc-custom-engine363/native/external/ios/include/v8",
					"/Users/user/Documents/cocos/engnine/cc-custom-engine363/native/external/ios/include/uv",
					"$(inherited)",
				);
				TARGETED_DEVICE_FAMILY = 1;
				USE_HEADERMAP = YES;
				VERSIONING_SYSTEM = "apple-generic";
			};
			name = Debug;
		};
		97C147071CF9000F007C117D /* Release */ = {
			isa = XCBuildConfiguration;
			baseConfigurationReference = 7AFA3C8E1D35360C0083082E /* Release.xcconfig */;
			buildSettings = {
				ASSETCATALOG_COMPILER_APPICON_NAME = AppIcon;
				CLANG_CXX_LANGUAGE_STANDARD = "c++17";
				CLANG_ENABLE_MODULES = YES;
				CODE_SIGN_ENTITLEMENTS = Runner/Runner.entitlements;
				CODE_SIGN_IDENTITY = "Apple Development";
				CODE_SIGN_STYLE = Automatic;
				CURRENT_PROJECT_VERSION = 1;
				DEVELOPMENT_TEAM = 263ZX2KL7X;
				ENABLE_BITCODE = NO;
				GCC_PREPROCESSOR_DEFINITIONS = (
					"$(inherited)",
					"COCOAPODS=1",
					"BOOST_ALL_NO_LIB=1",
					"CMAKE_INTDIR=\"$(CONFIGURATION)$(EFFECTIVE_PLATFORM_NAME)\"",
					"CC_USE_VIDEO=1",
					"CC_USE_WEBVIEW=1",
					"CC_USE_AUDIO=1",
					"CC_USE_XR=0",
					"CC_USE_SOCKET=1",
					"CC_USE_WEBSOCKET_SERVER=0",
					"CC_USE_EDITBOX=1",
					"USE_V8_DEBUGGER=0",
					"CC_USE_MIDDLEWARE=1",
					"CC_USE_SPINE=1",
					"CC_USE_DRAGONBONES=1",
					"CC_USE_JOB_SYSTEM_TBB=0",
					"CC_USE_JOB_SYSTEM_TASKFLOW=0",
					"CC_USE_PHYSICS_PHYSX=0",
					"CC_USE_OCCLUSION_QUERY=0",
					"CC_USE_DEBUG_RENDERER=0",
					"CC_USE_GEOMETRY_RENDERER=0",
					"CC_USE_WEBP=1",
					"CC_EDITOR=0",
					CC_USE_METAL,
					"TBB_USE_EXCEPTIONS=0",
					"CC_PLATFORM_WINDOWS=2",
					"CC_PLATFORM_MACOS=4",
					"CC_PLATFORM_IOS=1",
					"CC_PLATFORM_MAC_OSX=4",
					"CC_PLATFORM_MAC_IOS=1",
					"CC_PLATFORM_ANDROID=3",
					"CC_PLATFORM_OHOS=5",
					"CC_PLATFORM_LINUX=6",
					"CC_PLATFORM_QNX=7",
					"CC_PLATFORM_NX=8",
					"CC_PLATFORM_EMSCRIPTEN=9",
					"CC_NETMODE_CLIENT=0",
					"CC_NETMODE_LISTEN_SERVER=1",
					"CC_NETMODE_HOST_SERVER=2",
					"CC_NETMODE=0",
					BOOST_CONTAINER_NO_LIB,
					BOOST_CONTAINER_STATIC_LINK,
					BOOST_UUID_FORCE_AUTO_LINK,
					"V8_TYPED_ARRAY_MAX_SIZE_IN_HEAP=64",
					ENABLE_MINOR_MC,
					ENABLE_HANDLE_ZAPPING,
					V8_ATOMIC_OBJECT_FIELD_WRITES,
					V8_ATOMIC_MARKING_STATE,
					V8_ENABLE_LAZY_SOURCE_POSITIONS,
					V8_SHARED_RO_HEAP,
					V8_WIN64_UNWINDING_INFO,
					V8_ENABLE_REGEXP_INTERPRETER_THREADED_DISPATCH,
					V8_SNAPSHOT_COMPRESSION,
					V8_ENABLE_SYSTEM_INSTRUMENTATION,
					V8_ENABLE_WEBASSEMBLY,
					V8_DEPRECATION_WARNINGS,
					V8_IMMINENT_DEPRECATION_WARNINGS,
					CPPGC_CAGED_HEAP,
					V8_TARGET_ARCH_ARM64,
					V8_HAVE_TARGET_OS,
					V8_TARGET_OS_IOS,
					DISABLE_UNTRUSTED_CODE_MITIGATIONS,
					"CC_DLL=",
				);
				HEADER_SEARCH_PATHS = (
					"/Users/user/Documents/cocos/engnine/cc-custom-engine363/native/cmake/../external/sources",
					/Users/user/flutter/native/engine/ios/../common/Classes,
					/Users/user/flutter/native/engine/ios/service,
					"/Users/user/Documents/cocos/engnine/cc-custom-engine363/native/external/sources",
					"/Users/user/Documents/cocos/engnine/cc-custom-engine363/native/external/sources/SocketRocket",
					"/Users/user/Documents/cocos/engnine/cc-custom-engine363/native/external/ios/include",
					"/Users/user/Documents/cocos/engnine/cc-custom-engine363/native",
					"/Users/user/Documents/cocos/engnine/cc-custom-engine363/native/cocos",
					"/Users/user/Documents/cocos/engnine/cc-custom-engine363/native/cocos/renderer",
					"/Users/user/Documents/cocos/engnine/cc-custom-engine363/native/cocos/platform",
					"/Users/user/Documents/cocos/engnine/cc-custom-engine363/native/cocos/renderer/core",
					"/Users/user/Documents/cocos/engnine/cc-custom-engine363/native/cocos/editor-support",
					"/Users/user/Documents/cocos/engnine/cc-custom-engine363/native/cocos/bindings/jswrapper",
					"$(SRCROOT)/Classes/Native",
					"/Users/user/Documents/cocos/engnine/cc-custom-engine363/native/external/sources/khronos",
					"/Users/user/Documents/cocos/engnine/cc-custom-engine363/native/cocos/platform/ios",
					"$(SRCROOT)/Libraries/external/baselib/Platforms/IOS/Include",
					"$(SRCROOT)/Il2CppOutputProject/IL2CPP/libil2cpp/pch",
					"$(inherited)",
					"$(SRCROOT)/Libraries/bdwgc/include",
					"$(SRCROOT)/Il2CppOutputProject/IL2CPP/external/baselib/Platforms/IOS/Include",
					"$(SRCROOT)/Il2CppOutputProject/IL2CPP/libil2cpp/",
					"$(SRCROOT)/Classes",
					"$(SRCROOT)/Il2CppOutputProject/IL2CPP/external/baselib/Include",
				);
				INFOPLIST_FILE = Runner/Info.plist;
				INFOPLIST_KEY_CFBundleDisplayName = "Portugal Train Timetable";
				IPHONEOS_DEPLOYMENT_TARGET = 13.0;
				LD_RUNPATH_SEARCH_PATHS = (
					"$(inherited)",
					"@executable_path/Frameworks",
				);
				MARKETING_VERSION = 3.0.0;
				OTHER_LDFLAGS = (
					"$(inherited)",
					"-ObjC",
					"-l\"webview_flutter_wkwebview\"",
					"-Wl,-headerpad_max_install_names",
					"-lc++",
					"-liconv",
					"-lz",
					"-Wl,/Users/user/flutter/build/ios/proj/boost/container/archives/Release/libboost_container.a",
					"-Wl,/Users/user/flutter/build/ios/proj/archives/Release/libcocos_engine.a",
					"/Users/user/Documents/cocos/engnine/cc-custom-engine363/native/external/ios/libs/libjpeg.a",
					"/Users/user/Documents/cocos/engnine/cc-custom-engine363/native/external/ios/libs/libpng.a",
					"/Users/user/Documents/cocos/engnine/cc-custom-engine363/native/external/ios/libs/libwebp.a",
					"/Users/user/Documents/cocos/engnine/cc-custom-engine363/native/external/ios/libs/libcrypto.a",
					"/Users/user/Documents/cocos/engnine/cc-custom-engine363/native/external/ios/libs/libssl.a",
					"/Users/user/Documents/cocos/engnine/cc-custom-engine363/native/external/ios/libs/glslang/libglslang.a",
					"/Users/user/Documents/cocos/engnine/cc-custom-engine363/native/external/ios/libs/glslang/libglslang-default-resource-limits.a",
					"/Users/user/Documents/cocos/engnine/cc-custom-engine363/native/external/ios/libs/glslang/libMachineIndependent.a",
					"/Users/user/Documents/cocos/engnine/cc-custom-engine363/native/external/ios/libs/glslang/libOGLCompiler.a",
					"/Users/user/Documents/cocos/engnine/cc-custom-engine363/native/external/ios/libs/glslang/libOSDependent.a",
					"/Users/user/Documents/cocos/engnine/cc-custom-engine363/native/external/ios/libs/glslang/libSPIRV.a",
					"/Users/user/Documents/cocos/engnine/cc-custom-engine363/native/external/ios/libs/glslang/libSPIRV-Tools-opt.a",
					"/Users/user/Documents/cocos/engnine/cc-custom-engine363/native/external/ios/libs/glslang/libSPIRV-Tools.a",
					"/Users/user/Documents/cocos/engnine/cc-custom-engine363/native/external/ios/libs/glslang/libGenericCodeGen.a",
					"/Users/user/Documents/cocos/engnine/cc-custom-engine363/native/external/ios/libs/spirv-cross/libspirv-cross-core.a",
					"/Users/user/Documents/cocos/engnine/cc-custom-engine363/native/external/ios/libs/spirv-cross/libspirv-cross-glsl.a",
					"/Users/user/Documents/cocos/engnine/cc-custom-engine363/native/external/ios/libs/spirv-cross/libspirv-cross-msl.a",
					"/Users/user/Documents/cocos/engnine/cc-custom-engine363/native/external/ios/libs/libtbb_static.a",
					"/Users/user/Documents/cocos/engnine/cc-custom-engine363/native/external/ios/libs/libv8_monolith.a",
					"/Users/user/Documents/cocos/engnine/cc-custom-engine363/native/external/ios/libs/libuv_a.a",
					"-lsqlite3",
					"-L$(DEVELOPER_DIR)/Toolchains/XcodeDefault.xctoolchain/usr/lib/swift/$(PLATFORM_NAME)",
				);
				PRODUCT_BUNDLE_IDENTIFIER = com.gem.game363;
				PRODUCT_NAME = "$(TARGET_NAME)";
				PROVISIONING_PROFILE_SPECIFIER = "";
				SUPPORTED_PLATFORMS = "iphoneos iphonesimulator";
				SUPPORTS_MACCATALYST = NO;
				SUPPORTS_MAC_DESIGNED_FOR_IPHONE_IPAD = NO;
				SUPPORTS_XR_DESIGNED_FOR_IPHONE_IPAD = NO;
				SWIFT_OBJC_BRIDGING_HEADER = "Runner/Runner-Bridging-Header.h";
				SWIFT_VERSION = 5.0;
				SYSTEM_HEADER_SEARCH_PATHS = (
					"/Users/user/Documents/cocos/engnine/cc-custom-engine363/native/external/ios/include/v8",
					"/Users/user/Documents/cocos/engnine/cc-custom-engine363/native/external/ios/include/uv",
					"$(inherited)",
				);
				TARGETED_DEVICE_FAMILY = 1;
				USE_HEADERMAP = YES;
				VERSIONING_SYSTEM = "apple-generic";
			};
			name = Release;
		};
/* End XCBuildConfiguration section */

/* Begin XCConfigurationList section */
		331C80F7294D02FB00263BE5 /* Build configuration list for PBXNativeTarget "RunnerTests" */ = {
			isa = XCConfigurationList;
			buildConfigurations = (
				331C80F8294D02FB00263BE5 /* Debug */,
				331C80F9294D02FB00263BE5 /* Release */,
				331C80FA294D02FB00263BE5 /* Profile */,
			);
			defaultConfigurationIsVisible = 0;
			defaultConfigurationName = Release;
		};
		97C146E91CF9000F007C117D /* Build configuration list for PBXProject "Runner" */ = {
			isa = XCConfigurationList;
			buildConfigurations = (
				97C147031CF9000F007C117D /* Debug */,
				97C147041CF9000F007C117D /* Release */,
				249021D3217E4FDB00AE95B9 /* Profile */,
			);
			defaultConfigurationIsVisible = 0;
			defaultConfigurationName = Release;
		};
		97C147051CF9000F007C117D /* Build configuration list for PBXNativeTarget "Runner" */ = {
			isa = XCConfigurationList;
			buildConfigurations = (
				97C147061CF9000F007C117D /* Debug */,
				97C147071CF9000F007C117D /* Release */,
				249021D4217E4FDB00AE95B9 /* Profile */,
			);
			defaultConfigurationIsVisible = 0;
			defaultConfigurationName = Release;
		};
/* End XCConfigurationList section */
	};
	rootObject = 97C146E61CF9000F007C117D /* Project object */;
}
